
Microsoft Visual Studio Solution File, Format Version 12.00
# Visual Studio Version 17
VisualStudioVersion = 17.10.35122.118
MinimumVisualStudioVersion = 10.0.40219.1
Project("{FAE04EC0-301F-11D3-BF4B-00C04F79EFBC}") = "TakeCare.Migration.OpenEhr.Chemistry.Extraction", "TakeCare.Migration.OpenEhr.Chemistry.Extraction.csproj", "{D40571DB-3A9E-4342-A6E1-D728E83B798F}"
EndProject
Global
	GlobalSection(SolutionConfigurationPlatforms) = preSolution
		Debug|Any CPU = Debug|Any CPU
		Release|Any CPU = Release|Any CPU
	EndGlobalSection
	GlobalSection(ProjectConfigurationPlatforms) = postSolution
		{D40571DB-3A9E-4342-A6E1-D728E83B798F}.Debug|Any CPU.ActiveCfg = Debug|Any CPU
		{D40571DB-3A9E-4342-A6E1-D728E83B798F}.Debug|Any CPU.Build.0 = Debug|Any CPU
		{D40571DB-3A9E-4342-A6E1-D728E83B798F}.Release|Any CPU.ActiveCfg = Release|Any CPU
		{D40571DB-3A9E-4342-A6E1-D728E83B798F}.Release|Any CPU.Build.0 = Release|Any CPU
	EndGlobalSection
	GlobalSection(SolutionProperties) = preSolution
		HideSolutionNode = FALSE
	EndGlobalSection
	GlobalSection(ExtensibilityGlobals) = postSolution
		SolutionGuid = {D09FFFFE-F5B6-49C4-8EBF-F11973539440}
	EndGlobalSection
EndGlobal
